{
  "name": "company",
  "version": "1.0.0",
  "lockfileVersion": 1,
  "requires": true,
  "dependencies": {
    "@uirouter/core": {
      "version": "6.0.6",
      "resolved": "https://registry.npmjs.org/@uirouter/core/-/core-6.0.6.tgz",
      "integrity": "sha512-+i1iNaPQRp1JoEnxi4EsTX30bSvkWtPEenENWdvdIzX615Q3WCWwnbW9DtrwX9gSD5qmWEaQEtGMU0uF3qJ+1g=="
    },
    "angular": {
      "version": "1.8.2",
      "resolved": "https://registry.npmjs.org/angular/-/angular-1.8.2.tgz",
      "integrity": "sha512-IauMOej2xEe7/7Ennahkbb5qd/HFADiNuLSESz9Q27inmi32zB0lnAsFeLEWcox3Gd1F6YhNd1CP7/9IukJ0Gw=="
    },
    "angular-ui-router": {
      "version": "1.0.28",
      "resolved": "https://registry.npmjs.org/angular-ui-router/-/angular-ui-router-1.0.28.tgz",
      "integrity": "sha512-BhcaW/ac+6/Ps9to9tHEuCG3LHgatD5mL0a6WRie4mBxdOjaEqNMB6SIB0l7qNpJMhMsi3m2SRMknk52rZCQQg==",
      "requires": {
        "@uirouter/core": "6.0.6"
      }
    },
    "mdi": {
      "version": "2.2.43",
      "resolved": "https://registry.npmjs.org/mdi/-/mdi-2.2.43.tgz",
      "integrity": "sha512-g3m6z4303qieltUM20JL2gdsJZvoVzIzO74qa2XxZ2kg9JPwrPEAgooVhRDHZi1vvRh0gB8Dg+c9XqNdz4jcIg=="
    }
  }
}
